
Microsoft Visual Studio Solution File, Format Version 12.00
# Visual Studio Version 17
VisualStudioVersion = 17.13.35825.156
MinimumVisualStudioVersion = 10.0.40219.1
Project("{FAE04EC0-301F-11D3-BF4B-00C04F79EFBC}") = "TodoApp.API", "TodoApp.API.csproj", "{E96CFDF3-CB79-49E0-B881-228456E8B358}"
EndProject
Project("{FAE04EC0-301F-11D3-BF4B-00C04F79EFBC}") = "TodoApp.Infrastructure", "..\TodoApp.Infrastructure\TodoApp.Infrastructure.csproj", "{CA3A1903-6ACF-4A48-A289-D11E46F1F59F}"
EndProject
Project("{FAE04EC0-301F-11D3-BF4B-00C04F79EFBC}") = "TodoApp.Application", "..\TodoApp.Application\TodoApp.Application.csproj", "{B7256C3C-FD23-49B6-B202-E919246346E4}"
EndProject
Project("{FAE04EC0-301F-11D3-BF4B-00C04F79EFBC}") = "TodoApp.Domain", "..\TodoApp.Domain\TodoApp.Domain.csproj", "{52058163-9610-48F1-BD44-DA3A9E8813ED}"
EndProject
Project("{FAE04EC0-301F-11D3-BF4B-00C04F79EFBC}") = "TodoApp.Web", "..\ToDoApp.Web\TodoApp.Web.csproj", "{AE19268E-F1DE-4CD5-97BA-5EB4E3695DE6}"
EndProject
Global
	GlobalSection(SolutionConfigurationPlatforms) = preSolution
		Debug|Any CPU = Debug|Any CPU
		Release|Any CPU = Release|Any CPU
	EndGlobalSection
	GlobalSection(ProjectConfigurationPlatforms) = postSolution
		{E96CFDF3-CB79-49E0-B881-228456E8B358}.Debug|Any CPU.ActiveCfg = Debug|Any CPU
		{E96CFDF3-CB79-49E0-B881-228456E8B358}.Debug|Any CPU.Build.0 = Debug|Any CPU
		{E96CFDF3-CB79-49E0-B881-228456E8B358}.Release|Any CPU.ActiveCfg = Release|Any CPU
		{E96CFDF3-CB79-49E0-B881-228456E8B358}.Release|Any CPU.Build.0 = Release|Any CPU
		{CA3A1903-6ACF-4A48-A289-D11E46F1F59F}.Debug|Any CPU.ActiveCfg = Debug|Any CPU
		{CA3A1903-6ACF-4A48-A289-D11E46F1F59F}.Debug|Any CPU.Build.0 = Debug|Any CPU
		{CA3A1903-6ACF-4A48-A289-D11E46F1F59F}.Release|Any CPU.ActiveCfg = Release|Any CPU
		{CA3A1903-6ACF-4A48-A289-D11E46F1F59F}.Release|Any CPU.Build.0 = Release|Any CPU
		{B7256C3C-FD23-49B6-B202-E919246346E4}.Debug|Any CPU.ActiveCfg = Debug|Any CPU
		{B7256C3C-FD23-49B6-B202-E919246346E4}.Debug|Any CPU.Build.0 = Debug|Any CPU
		{B7256C3C-FD23-49B6-B202-E919246346E4}.Release|Any CPU.ActiveCfg = Release|Any CPU
		{B7256C3C-FD23-49B6-B202-E919246346E4}.Release|Any CPU.Build.0 = Release|Any CPU
		{52058163-9610-48F1-BD44-DA3A9E8813ED}.Debug|Any CPU.ActiveCfg = Debug|Any CPU
		{52058163-9610-48F1-BD44-DA3A9E8813ED}.Debug|Any CPU.Build.0 = Debug|Any CPU
		{52058163-9610-48F1-BD44-DA3A9E8813ED}.Release|Any CPU.ActiveCfg = Release|Any CPU
		{52058163-9610-48F1-BD44-DA3A9E8813ED}.Release|Any CPU.Build.0 = Release|Any CPU
		{AE19268E-F1DE-4CD5-97BA-5EB4E3695DE6}.Debug|Any CPU.ActiveCfg = Debug|Any CPU
		{AE19268E-F1DE-4CD5-97BA-5EB4E3695DE6}.Debug|Any CPU.Build.0 = Debug|Any CPU
		{AE19268E-F1DE-4CD5-97BA-5EB4E3695DE6}.Release|Any CPU.ActiveCfg = Release|Any CPU
		{AE19268E-F1DE-4CD5-97BA-5EB4E3695DE6}.Release|Any CPU.Build.0 = Release|Any CPU
	EndGlobalSection
	GlobalSection(SolutionProperties) = preSolution
		HideSolutionNode = FALSE
	EndGlobalSection
	GlobalSection(ExtensibilityGlobals) = postSolution
		SolutionGuid = {DA40E184-5354-440C-BA29-B07603896101}
	EndGlobalSection
EndGlobal
